{
  "requires": true,
  "lockfileVersion": 1,
  "dependencies": {
    "dom7": {
      "version": "2.0.1",
      "resolved": "https://registry.npmjs.org/dom7/-/dom7-2.0.1.tgz",
      "integrity": "sha512-JwxgbCMasGW7pthSc0qRufkuZ6RAw9vZ66GSkcq2e+zpjFIGfXFMABdXpXrnItAQGd4zfj8vOfTI8wbZD1uSrQ=="
    },
    "jquery": {
      "version": "3.2.1",
      "resolved": "https://registry.npmjs.org/jquery/-/jquery-3.2.1.tgz",
      "integrity": "sha1-XE2d5lKvbNCncBVKYxu6ErAVx4c="
    },
    "swiper": {
      "version": "4.0.7",
      "resolved": "https://registry.npmjs.org/swiper/-/swiper-4.0.7.tgz",
      "integrity": "sha512-HBV2hox5P7UAQ9QjV5PYv6yEjy5fD+ICdjLAB0CIg5bb5/PXy2hZ4SR5TpkJzq4+umhvLiBMvCbfmcxbcnuZKg==",
      "requires": {
        "dom7": "2.0.1"
      }
    }
  }
}
